
Microsoft Visual Studio Solution File, Format Version 12.00
# Visual Studio Version 17
VisualStudioVersion = 17.4.33403.182
MinimumVisualStudioVersion = 10.0.40219.1
Project("{FAE04EC0-301F-11D3-BF4B-00C04F79EFBC}") = "TryNewWebProj.Identity", "TryNewWebProj.Identity\TryNewWebProj.Identity.csproj", "{AE83609E-AAA8-498A-8430-6F52A6165C90}"
EndProject
Global
	GlobalSection(SolutionConfigurationPlatforms) = preSolution
		Debug|Any CPU = Debug|Any CPU
		Release|Any CPU = Release|Any CPU
	EndGlobalSection
	GlobalSection(ProjectConfigurationPlatforms) = postSolution
		{AE83609E-AAA8-498A-8430-6F52A6165C90}.Debug|Any CPU.ActiveCfg = Debug|Any CPU
		{AE83609E-AAA8-498A-8430-6F52A6165C90}.Debug|Any CPU.Build.0 = Debug|Any CPU
		{AE83609E-AAA8-498A-8430-6F52A6165C90}.Release|Any CPU.ActiveCfg = Release|Any CPU
		{AE83609E-AAA8-498A-8430-6F52A6165C90}.Release|Any CPU.Build.0 = Release|Any CPU
	EndGlobalSection
	GlobalSection(SolutionProperties) = preSolution
		HideSolutionNode = FALSE
	EndGlobalSection
	GlobalSection(ExtensibilityGlobals) = postSolution
		SolutionGuid = {D23E20E0-1E43-4DD0-B897-851720043575}
	EndGlobalSection
EndGlobal
